
Microsoft Visual Studio Solution File, Format Version 12.00
# Visual Studio 15
VisualStudioVersion = 15.0.26124.0
MinimumVisualStudioVersion = 15.0.26124.0
Project("{9A19103F-16F7-4668-BE54-9A1E7A4F7556}") = "SupportWheel.Api", "SupportWheel.Api\SupportWheel.Api.csproj", "{B056547E-4673-4FFF-975C-6DAB54DB7756}"
EndProject
Project("{FAE04EC0-301F-11D3-BF4B-00C04F79EFBC}") = "SupportWheel.Tests", "SupportWheel.Tests\SupportWheel.Tests.csproj", "{AEEF50E0-41C5-4248-AC09-1A6080EBD154}"
EndProject
Global
	GlobalSection(SolutionConfigurationPlatforms) = preSolution
		Debug|Any CPU = Debug|Any CPU
		Debug|x64 = Debug|x64
		Debug|x86 = Debug|x86
		Release|Any CPU = Release|Any CPU
		Release|x64 = Release|x64
		Release|x86 = Release|x86
	EndGlobalSection
	GlobalSection(ProjectConfigurationPlatforms) = postSolution
		{B056547E-4673-4FFF-975C-6DAB54DB7756}.Debug|Any CPU.ActiveCfg = Debug|Any CPU
		{B056547E-4673-4FFF-975C-6DAB54DB7756}.Debug|Any CPU.Build.0 = Debug|Any CPU
		{B056547E-4673-4FFF-975C-6DAB54DB7756}.Debug|x64.ActiveCfg = Debug|Any CPU
		{B056547E-4673-4FFF-975C-6DAB54DB7756}.Debug|x64.Build.0 = Debug|Any CPU
		{B056547E-4673-4FFF-975C-6DAB54DB7756}.Debug|x86.ActiveCfg = Debug|Any CPU
		{B056547E-4673-4FFF-975C-6DAB54DB7756}.Debug|x86.Build.0 = Debug|Any CPU
		{B056547E-4673-4FFF-975C-6DAB54DB7756}.Release|Any CPU.ActiveCfg = Release|Any CPU
		{B056547E-4673-4FFF-975C-6DAB54DB7756}.Release|Any CPU.Build.0 = Release|Any CPU
		{B056547E-4673-4FFF-975C-6DAB54DB7756}.Release|x64.ActiveCfg = Release|Any CPU
		{B056547E-4673-4FFF-975C-6DAB54DB7756}.Release|x64.Build.0 = Release|Any CPU
		{B056547E-4673-4FFF-975C-6DAB54DB7756}.Release|x86.ActiveCfg = Release|Any CPU
		{B056547E-4673-4FFF-975C-6DAB54DB7756}.Release|x86.Build.0 = Release|Any CPU
		{AEEF50E0-41C5-4248-AC09-1A6080EBD154}.Debug|Any CPU.ActiveCfg = Debug|Any CPU
		{AEEF50E0-41C5-4248-AC09-1A6080EBD154}.Debug|Any CPU.Build.0 = Debug|Any CPU
		{AEEF50E0-41C5-4248-AC09-1A6080EBD154}.Debug|x64.ActiveCfg = Debug|Any CPU
		{AEEF50E0-41C5-4248-AC09-1A6080EBD154}.Debug|x64.Build.0 = Debug|Any CPU
		{AEEF50E0-41C5-4248-AC09-1A6080EBD154}.Debug|x86.ActiveCfg = Debug|Any CPU
		{AEEF50E0-41C5-4248-AC09-1A6080EBD154}.Debug|x86.Build.0 = Debug|Any CPU
		{AEEF50E0-41C5-4248-AC09-1A6080EBD154}.Release|Any CPU.ActiveCfg = Release|Any CPU
		{AEEF50E0-41C5-4248-AC09-1A6080EBD154}.Release|Any CPU.Build.0 = Release|Any CPU
		{AEEF50E0-41C5-4248-AC09-1A6080EBD154}.Release|x64.ActiveCfg = Release|Any CPU
		{AEEF50E0-41C5-4248-AC09-1A6080EBD154}.Release|x64.Build.0 = Release|Any CPU
		{AEEF50E0-41C5-4248-AC09-1A6080EBD154}.Release|x86.ActiveCfg = Release|Any CPU
		{AEEF50E0-41C5-4248-AC09-1A6080EBD154}.Release|x86.Build.0 = Release|Any CPU
	EndGlobalSection
	GlobalSection(SolutionProperties) = preSolution
		HideSolutionNode = FALSE
	EndGlobalSection
	GlobalSection(ExtensibilityGlobals) = postSolution
		SolutionGuid = {A7BEB917-9333-495F-90B5-8E004617AB07}
	EndGlobalSection
EndGlobal
